
Microsoft Visual Studio Solution File, Format Version 12.00
# Visual Studio Version 17
VisualStudioVersion = 17.3.32825.248
MinimumVisualStudioVersion = 10.0.40219.1
Project("{9A19103F-16F7-4668-BE54-9A1E7A4F7556}") = "TourSelector", "TourSelector\TourSelector.csproj", "{400B8A23-B572-45CE-8CE0-7C6DC7249515}"
EndProject
Project("{FAE04EC0-301F-11D3-BF4B-00C04F79EFBC}") = "EmailService", "EmailService\EmailService.csproj", "{3D674A25-7C5F-4F50-867F-90EFBDD72C54}"
EndProject
Project("{FAE04EC0-301F-11D3-BF4B-00C04F79EFBC}") = "TourSelector.Backend", "TourSelector.Backend\TourSelector.Backend.csproj", "{13DBD3AB-9C83-406B-A382-F032044DC4BA}"
EndProject
Global
	GlobalSection(SolutionConfigurationPlatforms) = preSolution
		Debug|Any CPU = Debug|Any CPU
		Release|Any CPU = Release|Any CPU
	EndGlobalSection
	GlobalSection(ProjectConfigurationPlatforms) = postSolution
		{400B8A23-B572-45CE-8CE0-7C6DC7249515}.Debug|Any CPU.ActiveCfg = Debug|Any CPU
		{400B8A23-B572-45CE-8CE0-7C6DC7249515}.Debug|Any CPU.Build.0 = Debug|Any CPU
		{400B8A23-B572-45CE-8CE0-7C6DC7249515}.Release|Any CPU.ActiveCfg = Release|Any CPU
		{400B8A23-B572-45CE-8CE0-7C6DC7249515}.Release|Any CPU.Build.0 = Release|Any CPU
		{3D674A25-7C5F-4F50-867F-90EFBDD72C54}.Debug|Any CPU.ActiveCfg = Debug|Any CPU
		{3D674A25-7C5F-4F50-867F-90EFBDD72C54}.Debug|Any CPU.Build.0 = Debug|Any CPU
		{3D674A25-7C5F-4F50-867F-90EFBDD72C54}.Release|Any CPU.ActiveCfg = Release|Any CPU
		{3D674A25-7C5F-4F50-867F-90EFBDD72C54}.Release|Any CPU.Build.0 = Release|Any CPU
		{13DBD3AB-9C83-406B-A382-F032044DC4BA}.Debug|Any CPU.ActiveCfg = Debug|Any CPU
		{13DBD3AB-9C83-406B-A382-F032044DC4BA}.Debug|Any CPU.Build.0 = Debug|Any CPU
		{13DBD3AB-9C83-406B-A382-F032044DC4BA}.Release|Any CPU.ActiveCfg = Release|Any CPU
		{13DBD3AB-9C83-406B-A382-F032044DC4BA}.Release|Any CPU.Build.0 = Release|Any CPU
	EndGlobalSection
	GlobalSection(SolutionProperties) = preSolution
		HideSolutionNode = FALSE
	EndGlobalSection
	GlobalSection(ExtensibilityGlobals) = postSolution
		SolutionGuid = {AC2DB72D-7560-4D15-81B1-2393AF123EB1}
	EndGlobalSection
EndGlobal
